
Microsoft Visual Studio Solution File, Format Version 12.00
# Visual Studio 14
VisualStudioVersion = 14.0.25123.0
MinimumVisualStudioVersion = 10.0.40219.1
Project("{FAE04EC0-301F-11D3-BF4B-00C04F79EFBC}") = "ElectricityStatisticsModule", "ElectricityStatisticsModule\ElectricityStatisticsModule.csproj", "{35459B33-1BEE-44EF-A1FA-9586C16D5C2D}"
EndProject
Project("{FAE04EC0-301F-11D3-BF4B-00C04F79EFBC}") = "ElectricityStatisticsLibrary", "ElectricityStatisticsLibrary\ElectricityStatisticsLibrary.csproj", "{8D276E16-169B-4CA3-A833-4ED1DB9550B6}"
EndProject
Global
	GlobalSection(SolutionConfigurationPlatforms) = preSolution
		Debug|Any CPU = Debug|Any CPU
		Release|Any CPU = Release|Any CPU
	EndGlobalSection
	GlobalSection(ProjectConfigurationPlatforms) = postSolution
		{35459B33-1BEE-44EF-A1FA-9586C16D5C2D}.Debug|Any CPU.ActiveCfg = Debug|Any CPU
		{35459B33-1BEE-44EF-A1FA-9586C16D5C2D}.Debug|Any CPU.Build.0 = Debug|Any CPU
		{35459B33-1BEE-44EF-A1FA-9586C16D5C2D}.Release|Any CPU.ActiveCfg = Release|Any CPU
		{35459B33-1BEE-44EF-A1FA-9586C16D5C2D}.Release|Any CPU.Build.0 = Release|Any CPU
		{8D276E16-169B-4CA3-A833-4ED1DB9550B6}.Debug|Any CPU.ActiveCfg = Debug|Any CPU
		{8D276E16-169B-4CA3-A833-4ED1DB9550B6}.Debug|Any CPU.Build.0 = Debug|Any CPU
		{8D276E16-169B-4CA3-A833-4ED1DB9550B6}.Release|Any CPU.ActiveCfg = Release|Any CPU
		{8D276E16-169B-4CA3-A833-4ED1DB9550B6}.Release|Any CPU.Build.0 = Release|Any CPU
	EndGlobalSection
	GlobalSection(SolutionProperties) = preSolution
		HideSolutionNode = FALSE
	EndGlobalSection
EndGlobal
